
Microsoft Visual Studio Solution File, Format Version 12.00
# Visual Studio Version 16
VisualStudioVersion = 16.0.30611.23
MinimumVisualStudioVersion = 10.0.40219.1
Project("{FAE04EC0-301F-11D3-BF4B-00C04F79EFBC}") = "PasswordManager", "PasswordManager\PasswordManager.csproj", "{8302BC0C-19B3-4C6D-AF52-798807474F7A}"
EndProject
Project("{FAE04EC0-301F-11D3-BF4B-00C04F79EFBC}") = "PasswordManagerConsole", "PasswordManagerConsole\PasswordManagerConsole.csproj", "{DE76EBBA-147B-45A5-9651-2B72859AB979}"
EndProject
Global
	GlobalSection(SolutionConfigurationPlatforms) = preSolution
		Debug|Any CPU = Debug|Any CPU
		Release|Any CPU = Release|Any CPU
	EndGlobalSection
	GlobalSection(ProjectConfigurationPlatforms) = postSolution
		{8302BC0C-19B3-4C6D-AF52-798807474F7A}.Debug|Any CPU.ActiveCfg = Debug|Any CPU
		{8302BC0C-19B3-4C6D-AF52-798807474F7A}.Debug|Any CPU.Build.0 = Debug|Any CPU
		{8302BC0C-19B3-4C6D-AF52-798807474F7A}.Release|Any CPU.ActiveCfg = Release|Any CPU
		{8302BC0C-19B3-4C6D-AF52-798807474F7A}.Release|Any CPU.Build.0 = Release|Any CPU
		{DE76EBBA-147B-45A5-9651-2B72859AB979}.Debug|Any CPU.ActiveCfg = Debug|Any CPU
		{DE76EBBA-147B-45A5-9651-2B72859AB979}.Debug|Any CPU.Build.0 = Debug|Any CPU
		{DE76EBBA-147B-45A5-9651-2B72859AB979}.Release|Any CPU.ActiveCfg = Release|Any CPU
		{DE76EBBA-147B-45A5-9651-2B72859AB979}.Release|Any CPU.Build.0 = Release|Any CPU
	EndGlobalSection
	GlobalSection(SolutionProperties) = preSolution
		HideSolutionNode = FALSE
	EndGlobalSection
	GlobalSection(ExtensibilityGlobals) = postSolution
		SolutionGuid = {EEC45E00-8DF7-4DF3-A1E3-EEA8D835C918}
	EndGlobalSection
EndGlobal
